
Microsoft Visual Studio Solution File, Format Version 12.00
# Visual Studio Version 17
VisualStudioVersion = 17.9.34616.47
MinimumVisualStudioVersion = 10.0.40219.1
Project("{FAE04EC0-301F-11D3-BF4B-00C04F79EFBC}") = "Lesson-2", "Lesson-2.csproj", "{E8E7E512-9C95-449F-B1FA-E860241574FE}"
EndProject
Global
	GlobalSection(SolutionConfigurationPlatforms) = preSolution
		Debug|Any CPU = Debug|Any CPU
		Release|Any CPU = Release|Any CPU
	EndGlobalSection
	GlobalSection(ProjectConfigurationPlatforms) = postSolution
		{E8E7E512-9C95-449F-B1FA-E860241574FE}.Debug|Any CPU.ActiveCfg = Debug|Any CPU
		{E8E7E512-9C95-449F-B1FA-E860241574FE}.Debug|Any CPU.Build.0 = Debug|Any CPU
		{E8E7E512-9C95-449F-B1FA-E860241574FE}.Release|Any CPU.ActiveCfg = Release|Any CPU
		{E8E7E512-9C95-449F-B1FA-E860241574FE}.Release|Any CPU.Build.0 = Release|Any CPU
	EndGlobalSection
	GlobalSection(SolutionProperties) = preSolution
		HideSolutionNode = FALSE
	EndGlobalSection
	GlobalSection(ExtensibilityGlobals) = postSolution
		SolutionGuid = {8D976BAF-1FA0-4156-83B8-1110978D8294}
	EndGlobalSection
EndGlobal
