
Microsoft Visual Studio Solution File, Format Version 12.00
# Visual Studio Version 17
VisualStudioVersion = 17.9.34616.47
MinimumVisualStudioVersion = 10.0.40219.1
Project("{FAE04EC0-301F-11D3-BF4B-00C04F79EFBC}") = "Lesson-1", "Lesson-1.csproj", "{86EBA90C-A932-4053-8720-C45DE1408F90}"
EndProject
Global
	GlobalSection(SolutionConfigurationPlatforms) = preSolution
		Debug|Any CPU = Debug|Any CPU
		Release|Any CPU = Release|Any CPU
	EndGlobalSection
	GlobalSection(ProjectConfigurationPlatforms) = postSolution
		{86EBA90C-A932-4053-8720-C45DE1408F90}.Debug|Any CPU.ActiveCfg = Debug|Any CPU
		{86EBA90C-A932-4053-8720-C45DE1408F90}.Debug|Any CPU.Build.0 = Debug|Any CPU
		{86EBA90C-A932-4053-8720-C45DE1408F90}.Release|Any CPU.ActiveCfg = Release|Any CPU
		{86EBA90C-A932-4053-8720-C45DE1408F90}.Release|Any CPU.Build.0 = Release|Any CPU
	EndGlobalSection
	GlobalSection(SolutionProperties) = preSolution
		HideSolutionNode = FALSE
	EndGlobalSection
	GlobalSection(ExtensibilityGlobals) = postSolution
		SolutionGuid = {826AF8EE-A354-47D8-8F83-9A82A949BFD1}
	EndGlobalSection
EndGlobal
